dependencies:
- name: ingress-nginx-private
  repository: cm://app.plural.sh/cm/ingress-nginx
  version: 0.1.17
- name: ingress-nginx
  repository: cm://app.plural.sh/cm/ingress-nginx
  version: 0.1.13
digest: sha256:8aee5209ca17a9653246cbc2c3cd950f07f38a03ff3149623a1701a204377336
generated: "2023-03-08T10:55:33.815353532Z"
