dependencies:
- name: plural-certmanager-webhook
  repository: cm://app.plural.sh/cm/bootstrap
  version: 0.1.5
- name: bootstrap
  repository: cm://app.plural.sh/cm/bootstrap
  version: 0.8.64
digest: sha256:799704d055a135cb2a8c56a0e10d19a2fa1a82cddf9c65667124fd819744eabc
generated: "2023-03-03T21:57:18.861237995Z"
