dependencies:
- name: plural-certmanager-webhook
  repository: cm://app.plural.sh/cm/bootstrap
  version: 0.1.5
- name: bootstrap
  repository: cm://app.plural.sh/cm/bootstrap
  version: 0.8.66
digest: sha256:2ce9691518303ba5e0a44b57f2182c019a22ce3f31d3c804045f3e5001bffa14
generated: "2023-03-07T13:13:02.1628456Z"
